
Microsoft Visual Studio Solution File, Format Version 12.00
# Visual Studio Version 17
VisualStudioVersion = 17.9.34622.214
MinimumVisualStudioVersion = 10.0.40219.1
Project("{FAE04EC0-301F-11D3-BF4B-00C04F79EFBC}") = "WhatsappC#", "WhatsappC#.csproj", "{845854DC-2FDE-412A-990B-47E60B3A5EA2}"
EndProject
Global
	GlobalSection(SolutionConfigurationPlatforms) = preSolution
		Debug|Any CPU = Debug|Any CPU
		Release|Any CPU = Release|Any CPU
	EndGlobalSection
	GlobalSection(ProjectConfigurationPlatforms) = postSolution
		{845854DC-2FDE-412A-990B-47E60B3A5EA2}.Debug|Any CPU.ActiveCfg = Debug|Any CPU
		{845854DC-2FDE-412A-990B-47E60B3A5EA2}.Debug|Any CPU.Build.0 = Debug|Any CPU
		{845854DC-2FDE-412A-990B-47E60B3A5EA2}.Release|Any CPU.ActiveCfg = Release|Any CPU
		{845854DC-2FDE-412A-990B-47E60B3A5EA2}.Release|Any CPU.Build.0 = Release|Any CPU
	EndGlobalSection
	GlobalSection(SolutionProperties) = preSolution
		HideSolutionNode = FALSE
	EndGlobalSection
	GlobalSection(ExtensibilityGlobals) = postSolution
		SolutionGuid = {31132411-475D-47C9-BD8D-D082DA8AFACE}
	EndGlobalSection
EndGlobal
